
Microsoft Visual Studio Solution File, Format Version 12.00
# Visual Studio 15
VisualStudioVersion = 15.0.28307.539
MinimumVisualStudioVersion = 10.0.40219.1
Project("{FAE04EC0-301F-11D3-BF4B-00C04F79EFBC}") = "Binodata.Crypto.Lib", "Binodata.Crypto.Lib\Binodata.Crypto.Lib.csproj", "{01F82665-FCF0-44D3-8E12-B8BC169624AF}"
EndProject
Global
	GlobalSection(SolutionConfigurationPlatforms) = preSolution
		Debug|Any CPU = Debug|Any CPU
		Release|Any CPU = Release|Any CPU
	EndGlobalSection
	GlobalSection(ProjectConfigurationPlatforms) = postSolution
		{01F82665-FCF0-44D3-8E12-B8BC169624AF}.Debug|Any CPU.ActiveCfg = Debug|Any CPU
		{01F82665-FCF0-44D3-8E12-B8BC169624AF}.Debug|Any CPU.Build.0 = Debug|Any CPU
		{01F82665-FCF0-44D3-8E12-B8BC169624AF}.Release|Any CPU.ActiveCfg = Release|Any CPU
		{01F82665-FCF0-44D3-8E12-B8BC169624AF}.Release|Any CPU.Build.0 = Release|Any CPU
	EndGlobalSection
	GlobalSection(SolutionProperties) = preSolution
		HideSolutionNode = FALSE
	EndGlobalSection
	GlobalSection(ExtensibilityGlobals) = postSolution
		SolutionGuid = {2EEBF28D-F244-44C2-A44E-A687CF6CD3D2}
	EndGlobalSection
EndGlobal
